<?xml version="1.0" encoding="utf-8"?>
<Project ToolsVersion="4.0" xmlns="http://schemas.microsoft.com/developer/msbuild/2003">
  <ItemGroup>
    <Filter Include="ヘッダー ファイル">
      <UniqueIdentifier>{93995380-89BD-4b04-88EB-625FBE52EBFB}</UniqueIdentifier>
      <Extensions>h;hh;hpp;hxx;hm;inl;inc;xsd</Extensions>
    </Filter>
    <Filter Include="リソース ファイル">
      <UniqueIdentifier>{67DA6AB6-F800-4c08-8B7A-83BB121AAD01}</UniqueIdentifier>
      <Extensions>rc;ico;cur;bmp;dlg;rc2;rct;bin;rgs;gif;jpg;jpeg;jpe;resx;tiff;tif;png;wav;mfcribbon-ms</Extensions>
    </Filter>
    <Filter Include="SourceCode">
      <UniqueIdentifier>{bb382c8f-bf6c-46d3-a424-2cb2f2ef16c6}</UniqueIdentifier>
    </Filter>
    <Filter Include="SourceCode\OgmData">
      <UniqueIdentifier>{4FC737F1-C7A5-4376-A066-2A32D752A2FF}</UniqueIdentifier>
      <Extensions>cpp;c;cc;cxx;def;odl;idl;hpj;bat;asm;asmx</Extensions>
    </Filter>
    <Filter Include="SourceCode\PmxData">
      <UniqueIdentifier>{d01a5036-08e6-48e3-a510-37b4d24c0249}</UniqueIdentifier>
    </Filter>
  </ItemGroup>
  <ItemGroup>
    <ClCompile Include="SourceCode\OgmData\OgmData.cpp">
      <Filter>SourceCode\OgmData</Filter>
    </ClCompile>
    <ClCompile Include="SourceCode\main.cpp">
      <Filter>SourceCode</Filter>
    </ClCompile>
    <ClCompile Include="SourceCode\PmxData\PmxData.cpp">
      <Filter>SourceCode\PmxData</Filter>
    </ClCompile>
  </ItemGroup>
  <ItemGroup>
    <ClInclude Include="SourceCode\PmxData\PmxData.h">
      <Filter>SourceCode\PmxData</Filter>
    </ClInclude>
    <ClInclude Include="SourceCode\OgmData\OgmData.h">
      <Filter>SourceCode\OgmData</Filter>
    </ClInclude>
  </ItemGroup>
</Project>